// !$*UTF8*$!
{
	archiveVersion = 1;
	classes = {
	};
	objectVersion = 56;
	objects = {

/* Begin PBXBuildFile section */
		02E502682A10624A008FCD1F /* bellScheduleApp.swift in Sources */ = {isa = PBXBuildFile; fileRef = 02E502672A10624A008FCD1F /* bellScheduleApp.swift */; };
		02E5026A2A10624A008FCD1F /* ContentView.swift in Sources */ = {isa = PBXBuildFile; fileRef = 02E502692A10624A008FCD1F /* ContentView.swift */; };
		02E5026C2A10624A008FCD1F /* Assets.xcassets in Resources */ = {isa = PBXBuildFile; fileRef = 02E5026B2A10624A008FCD1F /* Assets.xcassets */; };
		02E5026F2A10624A008FCD1F /* Preview Assets.xcassets in Resources */ = {isa = PBXBuildFile; fileRef = 02E5026E2A10624A008FCD1F /* Preview Assets.xcassets */; };
		02E502792A10624A008FCD1F /* bellScheduleTests.swift in Sources */ = {isa = PBXBuildFile; fileRef = 02E502782A10624A008FCD1F /* bellScheduleTests.swift */; };
		02E502832A10624A008FCD1F /* bellScheduleUITests.swift in Sources */ = {isa = PBXBuildFile; fileRef = 02E502822A10624A008FCD1F /* bellScheduleUITests.swift */; };
		02E502852A10624A008FCD1F /* bellScheduleUITestsLaunchTests.swift in Sources */ = {isa = PBXBuildFile; fileRef = 02E502842A10624A008FCD1F /* bellScheduleUITestsLaunchTests.swift */; };
/* End PBXBuildFile section */

/* Begin PBXContainerItemProxy section */
		02E502752A10624A008FCD1F /* PBXContainerItemProxy */ = {
			isa = PBXContainerItemProxy;
			containerPortal = 02E5025C2A10624A008FCD1F /* Project object */;
			proxyType = 1;
			remoteGlobalIDString = 02E502632A10624A008FCD1F;
			remoteInfo = bellSchedule;
		};
		02E5027F2A10624A008FCD1F /* PBXContainerItemProxy */ = {
			isa = PBXContainerItemProxy;
			containerPortal = 02E5025C2A10624A008FCD1F /* Project object */;
			proxyType = 1;
			remoteGlobalIDString = 02E502632A10624A008FCD1F;
			remoteInfo = bellSchedule;
		};
/* End PBXContainerItemProxy section */

/* Begin PBXFileReference section */
		02E502642A10624A008FCD1F /* bellSchedule.app */ = {isa = PBXFileReference; explicitFileType = wrapper.application; includeInIndex = 0; path = bellSchedule.app; sourceTree = BUILT_PRODUCTS_DIR; };
		02E502672A10624A008FCD1F /* bellScheduleApp.swift */ = {isa = PBXFileReference; lastKnownFileType = sourcecode.swift; path = bellScheduleApp.swift; sourceTree = "<group>"; };
		02E502692A10624A008FCD1F /* ContentView.swift */ = {isa = PBXFileReference; lastKnownFileType = sourcecode.swift; path = ContentView.swift; sourceTree = "<group>"; };
		02E5026B2A10624A008FCD1F /* Assets.xcassets */ = {isa = PBXFileReference; lastKnownFileType = folder.assetcatalog; path = Assets.xcassets; sourceTree = "<group>"; };
		02E5026E2A10624A008FCD1F /* Preview Assets.xcassets */ = {isa = PBXFileReference; lastKnownFileType = folder.assetcatalog; path = "Preview Assets.xcassets"; sourceTree = "<group>"; };
		02E502742A10624A008FCD1F /* bellScheduleTests.xctest */ = {isa = PBXFileReference; explicitFileType = wrapper.cfbundle; includeInIndex = 0; path = bellScheduleTests.xctest; sourceTree = BUILT_PRODUCTS_DIR; };
		02E502782A10624A008FCD1F /* bellScheduleTests.swift */ = {isa = PBXFileReference; lastKnownFileType = sourcecode.swift; path = bellScheduleTests.swift; sourceTree = "<group>"; };
		02E5027E2A10624A008FCD1F /* bellScheduleUITests.xctest */ = {isa = PBXFileReference; explicitFileType = wrapper.cfbundle; includeInIndex = 0; path = bellScheduleUITests.xctest; sourceTree = BUILT_PRODUCTS_DIR; };
		02E502822A10624A008FCD1F /* bellScheduleUITests.swift */ = {isa = PBXFileReference; lastKnownFileType = sourcecode.swift; path = bellScheduleUITests.swift; sourceTree = "<group>"; };
		02E502842A10624A008FCD1F /* bellScheduleUITestsLaunchTests.swift */ = {isa = PBXFileReference; lastKnownFileType = sourcecode.swift; path = bellScheduleUITestsLaunchTests.swift; sourceTree = "<group>"; };
/* End PBXFileReference section */

/* Begin PBXFrameworksBuildPhase section */
		02E502612A10624A008FCD1F /* Frameworks */ = {
			isa = PBXFrameworksBuildPhase;
			buildActionMask = 2147483647;
			files = (
			);
			runOnlyForDeploymentPostprocessing = 0;
		};
		02E502712A10624A008FCD1F /* Frameworks */ = {
			isa = PBXFrameworksBuildPhase;
			buildActionMask = 2147483647;
			files = (
			);
			runOnlyForDeploymentPostprocessing = 0;
		};
		02E5027B2A10624A008FCD1F /* Frameworks */ = {
			isa = PBXFrameworksBuildPhase;
			buildActionMask = 2147483647;
			files = (
			);
			runOnlyForDeploymentPostprocessing = 0;
		};
/* End PBXFrameworksBuildPhase section */

/* Begin PBXGroup section */
		02E5025B2A10624A008FCD1F = {
			isa = PBXGroup;
			children = (
				02E502662A10624A008FCD1F /* bellSchedule */,
				02E502772A10624A008FCD1F /* bellScheduleTests */,
				02E502812A10624A008FCD1F /* bellScheduleUITests */,
				02E502652A10624A008FCD1F /* Products */,
			);
			sourceTree = "<group>";
		};
		02E502652A10624A008FCD1F /* Products */ = {
			isa = PBXGroup;
			children = (
				02E502642A10624A008FCD1F /* bellSchedule.app */,
				02E502742A10624A008FCD1F /* bellScheduleTests.xctest */,
				02E5027E2A10624A008FCD1F /* bellScheduleUITests.xctest */,
			);
			name = Products;
			sourceTree = "<group>";
		};
		02E502662A10624A008FCD1F /* bellSchedule */ = {
			isa = PBXGroup;
			children = (
				02E502672A10624A008FCD1F /* bellScheduleApp.swift */,
				02E502692A10624A008FCD1F /* ContentView.swift */,
				02E5026B2A10624A008FCD1F /* Assets.xcassets */,
				02E5026D2A10624A008FCD1F /* Preview Content */,
			);
			path = bellSchedule;
			sourceTree = "<group>";
		};
		02E5026D2A10624A008FCD1F /* Preview Content */ = {
			isa = PBXGroup;
			children = (
				02E5026E2A10624A008FCD1F /* Preview Assets.xcassets */,
			);
			path = "Preview Content";
			sourceTree = "<group>";
		};
		02E502772A10624A008FCD1F /* bellScheduleTests */ = {
			isa = PBXGroup;
			children = (
				02E502782A10624A008FCD1F /* bellScheduleTests.swift */,
			);
			path = bellScheduleTests;
			sourceTree = "<group>";
		};
		02E502812A10624A008FCD1F /* bellScheduleUITests */ = {
			isa = PBXGroup;
			children = (
				02E502822A10624A008FCD1F /* bellScheduleUITests.swift */,
				02E502842A10624A008FCD1F /* bellScheduleUITestsLaunchTests.swift */,
			);
			path = bellScheduleUITests;
			sourceTree = "<group>";
		};
/* End PBXGroup section */

/* Begin PBXNativeTarget section */
		02E502632A10624A008FCD1F /* bellSchedule */ = {
			isa = PBXNativeTarget;
			buildConfigurationList = 02E502882A10624A008FCD1F /* Build configuration list for PBXNativeTarget "bellSchedule" */;
			buildPhases = (
				02E502602A10624A008FCD1F /* Sources */,
				02E502612A10624A008FCD1F /* Frameworks */,
				02E502622A10624A008FCD1F /* Resources */,
			);
			buildRules = (
			);
			dependencies = (
			);
			name = bellSchedule;
			productName = bellSchedule;
			productReference = 02E502642A10624A008FCD1F /* bellSchedule.app */;
			productType = "com.apple.product-type.application";
		};
		02E502732A10624A008FCD1F /* bellScheduleTests */ = {
			isa = PBXNativeTarget;
			buildConfigurationList = 02E5028B2A10624A008FCD1F /* Build configuration list for PBXNativeTarget "bellScheduleTests" */;
			buildPhases = (
				02E502702A10624A008FCD1F /* Sources */,
				02E502712A10624A008FCD1F /* Frameworks */,
				02E502722A10624A008FCD1F /* Resources */,
			);
			buildRules = (
			);
			dependencies = (
				02E502762A10624A008FCD1F /* PBXTargetDependency */,
			);
			name = bellScheduleTests;
			productName = bellScheduleTests;
			productReference = 02E502742A10624A008FCD1F /* bellScheduleTests.xctest */;
			productType = "com.apple.product-type.bundle.unit-test";
		};
		02E5027D2A10624A008FCD1F /* bellScheduleUITests */ = {
			isa = PBXNativeTarget;
			buildConfigurationList = 02E5028E2A10624A008FCD1F /* Build configuration list for PBXNativeTarget "bellScheduleUITests" */;
			buildPhases = (
				02E5027A2A10624A008FCD1F /* Sources */,
				02E5027B2A10624A008FCD1F /* Frameworks */,
				02E5027C2A10624A008FCD1F /* Resources */,
			);
			buildRules = (
			);
			dependencies = (
				02E502802A10624A008FCD1F /* PBXTargetDependency */,
			);
			name = bellScheduleUITests;
			productName = bellScheduleUITests;
			productReference = 02E5027E2A10624A008FCD1F /* bellScheduleUITests.xctest */;
			productType = "com.apple.product-type.bundle.ui-testing";
		};
/* End PBXNativeTarget section */

/* Begin PBXProject section */
		02E5025C2A10624A008FCD1F /* Project object */ = {
			isa = PBXProject;
			attributes = {
				BuildIndependentTargetsInParallel = 1;
				LastSwiftUpdateCheck = 1430;
				LastUpgradeCheck = 1430;
				TargetAttributes = {
					02E502632A10624A008FCD1F = {
						CreatedOnToolsVersion = 14.3;
					};
					02E502732A10624A008FCD1F = {
						CreatedOnToolsVersion = 14.3;
						TestTargetID = 02E502632A10624A008FCD1F;
					};
					02E5027D2A10624A008FCD1F = {
						CreatedOnToolsVersion = 14.3;
						TestTargetID = 02E502632A10624A008FCD1F;
					};
				};
			};
			buildConfigurationList = 02E5025F2A10624A008FCD1F /* Build configuration list for PBXProject "bellSchedule" */;
			compatibilityVersion = "Xcode 14.0";
			developmentRegion = en;
			hasScannedForEncodings = 0;
			knownRegions = (
				en,
				Base,
			);
			mainGroup = 02E5025B2A10624A008FCD1F;
			productRefGroup = 02E502652A10624A008FCD1F /* Products */;
			projectDirPath = "";
			projectRoot = "";
			targets = (
				02E502632A10624A008FCD1F /* bellSchedule */,
				02E502732A10624A008FCD1F /* bellScheduleTests */,
				02E5027D2A10624A008FCD1F /* bellScheduleUITests */,
			);
		};
/* End PBXProject section */

/* Begin PBXResourcesBuildPhase section */
		02E502622A10624A008FCD1F /* Resources */ = {
			isa = PBXResourcesBuildPhase;
			buildActionMask = 2147483647;
			files = (
				02E5026F2A10624A008FCD1F /* Preview Assets.xcassets in Resources */,
				02E5026C2A10624A008FCD1F /* Assets.xcassets in Resources */,
			);
			runOnlyForDeploymentPostprocessing = 0;
		};
		02E502722A10624A008FCD1F /* Resources */ = {
			isa = PBXResourcesBuildPhase;
			buildActionMask = 2147483647;
			files = (
			);
			runOnlyForDeploymentPostprocessing = 0;
		};
		02E5027C2A10624A008FCD1F /* Resources */ = {
			isa = PBXResourcesBuildPhase;
			buildActionMask = 2147483647;
			files = (
			);
			runOnlyForDeploymentPostprocessing = 0;
		};
/* End PBXResourcesBuildPhase section */

/* Begin PBXSourcesBuildPhase section */
		02E502602A10624A008FCD1F /* Sources */ = {
			isa = PBXSourcesBuildPhase;
			buildActionMask = 2147483647;
			files = (
				02E5026A2A10624A008FCD1F /* ContentView.swift in Sources */,
				02E502682A10624A008FCD1F /* bellScheduleApp.swift in Sources */,
			);
			runOnlyForDeploymentPostprocessing = 0;
		};
		02E502702A10624A008FCD1F /* Sources */ = {
			isa = PBXSourcesBuildPhase;
			buildActionMask = 2147483647;
			files = (
				02E502792A10624A008FCD1F /* bellScheduleTests.swift in Sources */,
			);
			runOnlyForDeploymentPostprocessing = 0;
		};
		02E5027A2A10624A008FCD1F /* Sources */ = {
			isa = PBXSourcesBuildPhase;
			buildActionMask = 2147483647;
			files = (
				02E502852A10624A008FCD1F /* bellScheduleUITestsLaunchTests.swift in Sources */,
				02E502832A10624A008FCD1F /* bellScheduleUITests.swift in Sources */,
			);
			runOnlyForDeploymentPostprocessing = 0;
		};
/* End PBXSourcesBuildPhase section */

/* Begin PBXTargetDependency section */
		02E502762A10624A008FCD1F /* PBXTargetDependency */ = {
			isa = PBXTargetDependency;
			target = 02E502632A10624A008FCD1F /* bellSchedule */;
			targetProxy = 02E502752A10624A008FCD1F /* PBXContainerItemProxy */;
		};
		02E502802A10624A008FCD1F /* PBXTargetDependency */ = {
			isa = PBXTargetDependency;
			target = 02E502632A10624A008FCD1F /* bellSchedule */;
			targetProxy = 02E5027F2A10624A008FCD1F /* PBXContainerItemProxy */;
		};
/* End PBXTargetDependency section */

/* Begin XCBuildConfiguration section */
		02E502862A10624A008FCD1F /* Debug */ = {
			isa = XCBuildConfiguration;
			buildSettings = {
				ALWAYS_SEARCH_USER_PATHS = NO;
				CLANG_ANALYZER_NONNULL = YES;
				CLANG_ANALYZER_NUMBER_OBJECT_CONVERSION = YES_AGGRESSIVE;
				CLANG_CXX_LANGUAGE_STANDARD = "gnu++20";
				CLANG_ENABLE_MODULES = YES;
				CLANG_ENABLE_OBJC_ARC = YES;
				CLANG_ENABLE_OBJC_WEAK = YES;
				CLANG_WARN_BLOCK_CAPTURE_AUTORELEASING = YES;
				CLANG_WARN_BOOL_CONVERSION = YES;
				CLANG_WARN_COMMA = YES;
				CLANG_WARN_CONSTANT_CONVERSION = YES;
				CLANG_WARN_DEPRECATED_OBJC_IMPLEMENTATIONS = YES;
				CLANG_WARN_DIRECT_OBJC_ISA_USAGE = YES_ERROR;
				CLANG_WARN_DOCUMENTATION_COMMENTS = YES;
				CLANG_WARN_EMPTY_BODY = YES;
				CLANG_WARN_ENUM_CONVERSION = YES;
				CLANG_WARN_INFINITE_RECURSION = YES;
				CLANG_WARN_INT_CONVERSION = YES;
				CLANG_WARN_NON_LITERAL_NULL_CONVERSION = YES;
				CLANG_WARN_OBJC_IMPLICIT_RETAIN_SELF = YES;
				CLANG_WARN_OBJC_LITERAL_CONVERSION = YES;
				CLANG_WARN_OBJC_ROOT_CLASS = YES_ERROR;
				CLANG_WARN_QUOTED_INCLUDE_IN_FRAMEWORK_HEADER = YES;
				CLANG_WARN_RANGE_LOOP_ANALYSIS = YES;
				CLANG_WARN_STRICT_PROTOTYPES = YES;
				CLANG_WARN_SUSPICIOUS_MOVE = YES;
				CLANG_WARN_UNGUARDED_AVAILABILITY = YES_AGGRESSIVE;
				CLANG_WARN_UNREACHABLE_CODE = YES;
				CLANG_WARN__DUPLICATE_METHOD_MATCH = YES;
				COPY_PHASE_STRIP = NO;
				DEBUG_INFORMATION_FORMAT = dwarf;
				ENABLE_STRICT_OBJC_MSGSEND = YES;
				ENABLE_TESTABILITY = YES;
				GCC_C_LANGUAGE_STANDARD = gnu11;
				GCC_DYNAMIC_NO_PIC = NO;
				GCC_NO_COMMON_BLOCKS = YES;
				GCC_OPTIMIZATION_LEVEL = 0;
				GCC_PREPROCESSOR_DEFINITIONS = (
					"DEBUG=1",
					"$(inherited)",
				);
				GCC_WARN_64_TO_32_BIT_CONVERSION = YES;
				GCC_WARN_ABOUT_RETURN_TYPE = YES_ERROR;
				GCC_WARN_UNDECLARED_SELECTOR = YES;
				GCC_WARN_UNINITIALIZED_AUTOS = YES_AGGRESSIVE;
				GCC_WARN_UNUSED_FUNCTION = YES;
				GCC_WARN_UNUSED_VARIABLE = YES;
				IPHONEOS_DEPLOYMENT_TARGET = 16.4;
				MTL_ENABLE_DEBUG_INFO = INCLUDE_SOURCE;
				MTL_FAST_MATH = YES;
				ONLY_ACTIVE_ARCH = YES;
				SDKROOT = iphoneos;
				SWIFT_ACTIVE_COMPILATION_CONDITIONS = DEBUG;
				SWIFT_OPTIMIZATION_LEVEL = "-Onone";
			};
			name = Debug;
		};
		02E502872A10624A008FCD1F /* Release */ = {
			isa = XCBuildConfiguration;
			buildSettings = {
				ALWAYS_SEARCH_USER_PATHS = NO;
				CLANG_ANALYZER_NONNULL = YES;
				CLANG_ANALYZER_NUMBER_OBJECT_CONVERSION = YES_AGGRESSIVE;
				CLANG_CXX_LANGUAGE_STANDARD = "gnu++20";
				CLANG_ENABLE_MODULES = YES;
				CLANG_ENABLE_OBJC_ARC = YES;
				CLANG_ENABLE_OBJC_WEAK = YES;
				CLANG_WARN_BLOCK_CAPTURE_AUTORELEASING = YES;
				CLANG_WARN_BOOL_CONVERSION = YES;
				CLANG_WARN_COMMA = YES;
				CLANG_WARN_CONSTANT_CONVERSION = YES;
				CLANG_WARN_DEPRECATED_OBJC_IMPLEMENTATIONS = YES;
				CLANG_WARN_DIRECT_OBJC_ISA_USAGE = YES_ERROR;
				CLANG_WARN_DOCUMENTATION_COMMENTS = YES;
				CLANG_WARN_EMPTY_BODY = YES;
				CLANG_WARN_ENUM_CONVERSION = YES;
				CLANG_WARN_INFINITE_RECURSION = YES;
				CLANG_WARN_INT_CONVERSION = YES;
				CLANG_WARN_NON_LITERAL_NULL_CONVERSION = YES;
				CLANG_WARN_OBJC_IMPLICIT_RETAIN_SELF = YES;
				CLANG_WARN_OBJC_LITERAL_CONVERSION = YES;
				CLANG_WARN_OBJC_ROOT_CLASS = YES_ERROR;
				CLANG_WARN_QUOTED_INCLUDE_IN_FRAMEWORK_HEADER = YES;
				CLANG_WARN_RANGE_LOOP_ANALYSIS = YES;
				CLANG_WARN_STRICT_PROTOTYPES = YES;
				CLANG_WARN_SUSPICIOUS_MOVE = YES;
				CLANG_WARN_UNGUARDED_AVAILABILITY = YES_AGGRESSIVE;
				CLANG_WARN_UNREACHABLE_CODE = YES;
				CLANG_WARN__DUPLICATE_METHOD_MATCH = YES;
				COPY_PHASE_STRIP = NO;
				DEBUG_INFORMATION_FORMAT = "dwarf-with-dsym";
				ENABLE_NS_ASSERTIONS = NO;
				ENABLE_STRICT_OBJC_MSGSEND = YES;
				GCC_C_LANGUAGE_STANDARD = gnu11;
				GCC_NO_COMMON_BLOCKS = YES;
				GCC_WARN_64_TO_32_BIT_CONVERSION = YES;
				GCC_WARN_ABOUT_RETURN_TYPE = YES_ERROR;
				GCC_WARN_UNDECLARED_SELECTOR = YES;
				GCC_WARN_UNINITIALIZED_AUTOS = YES_AGGRESSIVE;
				GCC_WARN_UNUSED_FUNCTION = YES;
				GCC_WARN_UNUSED_VARIABLE = YES;
				IPHONEOS_DEPLOYMENT_TARGET = 16.4;
				MTL_ENABLE_DEBUG_INFO = NO;
				MTL_FAST_MATH = YES;
				SDKROOT = iphoneos;
				SWIFT_COMPILATION_MODE = wholemodule;
				SWIFT_OPTIMIZATION_LEVEL = "-O";
				VALIDATE_PRODUCT = YES;
			};
			name = Release;
		};
		02E502892A10624A008FCD1F /* Debug */ = {
			isa = XCBuildConfiguration;
			buildSettings = {
				ASSETCATALOG_COMPILER_APPICON_NAME = AppIcon;
				ASSETCATALOG_COMPILER_GLOBAL_ACCENT_COLOR_NAME = AccentColor;
				CODE_SIGN_STYLE = Automatic;
				CURRENT_PROJECT_VERSION = 1;
				DEVELOPMENT_ASSET_PATHS = "\"bellSchedule/Preview Content\"";
				ENABLE_PREVIEWS = YES;
				GENERATE_INFOPLIST_FILE = YES;
				INFOPLIST_KEY_UIApplicationSceneManifest_Generation = YES;
				INFOPLIST_KEY_UIApplicationSupportsIndirectInputEvents = YES;
				INFOPLIST_KEY_UILaunchScreen_Generation = YES;
				INFOPLIST_KEY_UISupportedInterfaceOrientations_iPad = "UIInterfaceOrientationPortrait UIInterfaceOrientationPortraitUpsideDown UIInterfaceOrientationLandscapeLeft UIInterfaceOrientationLandscapeRight";
				INFOPLIST_KEY_UISupportedInterfaceOrientations_iPhone = "UIInterfaceOrientationPortrait UIInterfaceOrientationLandscapeLeft UIInterfaceOrientationLandscapeRight";
				LD_RUNPATH_SEARCH_PATHS = (
					"$(inherited)",
					"@executable_path/Frameworks",
				);
				MARKETING_VERSION = 1.0;
				PRODUCT_BUNDLE_IDENTIFIER = com.Stassinopoulos.Ari.bellSchedule;
				PRODUCT_NAME = "$(TARGET_NAME)";
				SWIFT_EMIT_LOC_STRINGS = YES;
				SWIFT_VERSION = 5.0;
				TARGETED_DEVICE_FAMILY = "1,2";
			};
			name = Debug;
		};
		02E5028A2A10624A008FCD1F /* Release */ = {
			isa = XCBuildConfiguration;
			buildSettings = {
				ASSETCATALOG_COMPILER_APPICON_NAME = AppIcon;
				ASSETCATALOG_COMPILER_GLOBAL_ACCENT_COLOR_NAME = AccentColor;
				CODE_SIGN_STYLE = Automatic;
				CURRENT_PROJECT_VERSION = 1;
				DEVELOPMENT_ASSET_PATHS = "\"bellSchedule/Preview Content\"";
				ENABLE_PREVIEWS = YES;
				GENERATE_INFOPLIST_FILE = YES;
				INFOPLIST_KEY_UIApplicationSceneManifest_Generation = YES;
				INFOPLIST_KEY_UIApplicationSupportsIndirectInputEvents = YES;
				INFOPLIST_KEY_UILaunchScreen_Generation = YES;
				INFOPLIST_KEY_UISupportedInterfaceOrientations_iPad = "UIInterfaceOrientationPortrait UIInterfaceOrientationPortraitUpsideDown UIInterfaceOrientationLandscapeLeft UIInterfaceOrientationLandscapeRight";
				INFOPLIST_KEY_UISupportedInterfaceOrientations_iPhone = "UIInterfaceOrientationPortrait UIInterfaceOrientationLandscapeLeft UIInterfaceOrientationLandscapeRight";
				LD_RUNPATH_SEARCH_PATHS = (
					"$(inherited)",
					"@executable_path/Frameworks",
				);
				MARKETING_VERSION = 1.0;
				PRODUCT_BUNDLE_IDENTIFIER = com.Stassinopoulos.Ari.bellSchedule;
				PRODUCT_NAME = "$(TARGET_NAME)";
				SWIFT_EMIT_LOC_STRINGS = YES;
				SWIFT_VERSION = 5.0;
				TARGETED_DEVICE_FAMILY = "1,2";
			};
			name = Release;
		};
		02E5028C2A10624A008FCD1F /* Debug */ = {
			isa = XCBuildConfiguration;
			buildSettings = {
				ALWAYS_EMBED_SWIFT_STANDARD_LIBRARIES = YES;
				BUNDLE_LOADER = "$(TEST_HOST)";
				CODE_SIGN_STYLE = Automatic;
				CURRENT_PROJECT_VERSION = 1;
				GENERATE_INFOPLIST_FILE = YES;
				IPHONEOS_DEPLOYMENT_TARGET = 16.4;
				MARKETING_VERSION = 1.0;
				PRODUCT_BUNDLE_IDENTIFIER = com.Stassinopoulos.Ari.bellScheduleTests;
				PRODUCT_NAME = "$(TARGET_NAME)";
				SWIFT_EMIT_LOC_STRINGS = NO;
				SWIFT_VERSION = 5.0;
				TARGETED_DEVICE_FAMILY = "1,2";
				TEST_HOST = "$(BUILT_PRODUCTS_DIR)/bellSchedule.app/$(BUNDLE_EXECUTABLE_FOLDER_PATH)/bellSchedule";
			};
			name = Debug;
		};
		02E5028D2A10624A008FCD1F /* Release */ = {
			isa = XCBuildConfiguration;
			buildSettings = {
				ALWAYS_EMBED_SWIFT_STANDARD_LIBRARIES = YES;
				BUNDLE_LOADER = "$(TEST_HOST)";
				CODE_SIGN_STYLE = Automatic;
				CURRENT_PROJECT_VERSION = 1;
				GENERATE_INFOPLIST_FILE = YES;
				IPHONEOS_DEPLOYMENT_TARGET = 16.4;
				MARKETING_VERSION = 1.0;
				PRODUCT_BUNDLE_IDENTIFIER = com.Stassinopoulos.Ari.bellScheduleTests;
				PRODUCT_NAME = "$(TARGET_NAME)";
				SWIFT_EMIT_LOC_STRINGS = NO;
				SWIFT_VERSION = 5.0;
				TARGETED_DEVICE_FAMILY = "1,2";
				TEST_HOST = "$(BUILT_PRODUCTS_DIR)/bellSchedule.app/$(BUNDLE_EXECUTABLE_FOLDER_PATH)/bellSchedule";
			};
			name = Release;
		};
		02E5028F2A10624A008FCD1F /* Debug */ = {
			isa = XCBuildConfiguration;
			buildSettings = {
				ALWAYS_EMBED_SWIFT_STANDARD_LIBRARIES = YES;
				CODE_SIGN_STYLE = Automatic;
				CURRENT_PROJECT_VERSION = 1;
				GENERATE_INFOPLIST_FILE = YES;
				MARKETING_VERSION = 1.0;
				PRODUCT_BUNDLE_IDENTIFIER = com.Stassinopoulos.Ari.bellScheduleUITests;
				PRODUCT_NAME = "$(TARGET_NAME)";
				SWIFT_EMIT_LOC_STRINGS = NO;
				SWIFT_VERSION = 5.0;
				TARGETED_DEVICE_FAMILY = "1,2";
				TEST_TARGET_NAME = bellSchedule;
			};
			name = Debug;
		};
		02E502902A10624A008FCD1F /* Release */ = {
			isa = XCBuildConfiguration;
			buildSettings = {
				ALWAYS_EMBED_SWIFT_STANDARD_LIBRARIES = YES;
				CODE_SIGN_STYLE = Automatic;
				CURRENT_PROJECT_VERSION = 1;
				GENERATE_INFOPLIST_FILE = YES;
				MARKETING_VERSION = 1.0;
				PRODUCT_BUNDLE_IDENTIFIER = com.Stassinopoulos.Ari.bellScheduleUITests;
				PRODUCT_NAME = "$(TARGET_NAME)";
				SWIFT_EMIT_LOC_STRINGS = NO;
				SWIFT_VERSION = 5.0;
				TARGETED_DEVICE_FAMILY = "1,2";
				TEST_TARGET_NAME = bellSchedule;
			};
			name = Release;
		};
/* End XCBuildConfiguration section */

/* Begin XCConfigurationList section */
		02E5025F2A10624A008FCD1F /* Build configuration list for PBXProject "bellSchedule" */ = {
			isa = XCConfigurationList;
			buildConfigurations = (
				02E502862A10624A008FCD1F /* Debug */,
				02E502872A10624A008FCD1F /* Release */,
			);
			defaultConfigurationIsVisible = 0;
			defaultConfigurationName = Release;
		};
		02E502882A10624A008FCD1F /* Build configuration list for PBXNativeTarget "bellSchedule" */ = {
			isa = XCConfigurationList;
			buildConfigurations = (
				02E502892A10624A008FCD1F /* Debug */,
				02E5028A2A10624A008FCD1F /* Release */,
			);
			defaultConfigurationIsVisible = 0;
			defaultConfigurationName = Release;
		};
		02E5028B2A10624A008FCD1F /* Build configuration list for PBXNativeTarget "bellScheduleTests" */ = {
			isa = XCConfigurationList;
			buildConfigurations = (
				02E5028C2A10624A008FCD1F /* Debug */,
				02E5028D2A10624A008FCD1F /* Release */,
			);
			defaultConfigurationIsVisible = 0;
			defaultConfigurationName = Release;
		};
		02E5028E2A10624A008FCD1F /* Build configuration list for PBXNativeTarget "bellScheduleUITests" */ = {
			isa = XCConfigurationList;
			buildConfigurations = (
				02E5028F2A10624A008FCD1F /* Debug */,
				02E502902A10624A008FCD1F /* Release */,
			);
			defaultConfigurationIsVisible = 0;
			defaultConfigurationName = Release;
		};
/* End XCConfigurationList section */
	};
	rootObject = 02E5025C2A10624A008FCD1F /* Project object */;
}
