// !$*UTF8*$!
{
	archiveVersion = 1;
	classes = {
	};
	objectVersion = 56;
	objects = {

/* Begin PBXBuildFile section */
		021432B22A202B8600549DF9 /* BSSymbol.swift in Sources */ = {isa = PBXBuildFile; fileRef = 021432B12A202B8600549DF9 /* BSSymbol.swift */; };
		021432B42A202B9C00549DF9 /* BSSchedule.swift in Sources */ = {isa = PBXBuildFile; fileRef = 021432B32A202B9C00549DF9 /* BSSchedule.swift */; };
		021432B62A202BBE00549DF9 /* BSCalendar.swift in Sources */ = {isa = PBXBuildFile; fileRef = 021432B52A202BBE00549DF9 /* BSCalendar.swift */; };
		021432B82A202BDE00549DF9 /* BSPersistence.swift in Sources */ = {isa = PBXBuildFile; fileRef = 021432B72A202BDE00549DF9 /* BSPersistence.swift */; };
		021432BA2A21921100549DF9 /* BSCompatibility.swift in Sources */ = {isa = PBXBuildFile; fileRef = 021432B92A21921100549DF9 /* BSCompatibility.swift */; };
		021432BC2A21924100549DF9 /* BSNetwork.swift in Sources */ = {isa = PBXBuildFile; fileRef = 021432BB2A21924100549DF9 /* BSNetwork.swift */; };
		021432BE2A21944800549DF9 /* GoogleService-Info.plist in Resources */ = {isa = PBXBuildFile; fileRef = 021432BD2A21944800549DF9 /* GoogleService-Info.plist */; };
		021432C22A21962F00549DF9 /* FirebaseAnalyticsWithoutAdIdSupport in Frameworks */ = {isa = PBXBuildFile; productRef = 021432C12A21962F00549DF9 /* FirebaseAnalyticsWithoutAdIdSupport */; };
		021432C42A21962F00549DF9 /* FirebaseDatabaseSwift in Frameworks */ = {isa = PBXBuildFile; productRef = 021432C32A21962F00549DF9 /* FirebaseDatabaseSwift */; };
		0299C1302A1A7F8C00CA2AB6 /* libbellScheduleKit.a in Frameworks */ = {isa = PBXBuildFile; fileRef = 029C67CB2A117744004484F4 /* libbellScheduleKit.a */; };
		029C67C22A116975004484F4 /* TodayScheduleView.swift in Sources */ = {isa = PBXBuildFile; fileRef = 029C67C12A116975004484F4 /* TodayScheduleView.swift */; };
		029C67C42A116AB4004484F4 /* AllScheduleView.swift in Sources */ = {isa = PBXBuildFile; fileRef = 029C67C32A116AB4004484F4 /* AllScheduleView.swift */; };
		029C67C62A11764A004484F4 /* AccessoriesView.swift in Sources */ = {isa = PBXBuildFile; fileRef = 029C67C52A11764A004484F4 /* AccessoriesView.swift */; };
		029C67D32A117760004484F4 /* BSKit.swift in Sources */ = {isa = PBXBuildFile; fileRef = 029C67D22A117760004484F4 /* BSKit.swift */; };
		02E502682A10624A008FCD1F /* BellScheduleApp.swift in Sources */ = {isa = PBXBuildFile; fileRef = 02E502672A10624A008FCD1F /* BellScheduleApp.swift */; };
		02E5026A2A10624A008FCD1F /* HomeScreenView.swift in Sources */ = {isa = PBXBuildFile; fileRef = 02E502692A10624A008FCD1F /* HomeScreenView.swift */; };
		02E5026C2A10624A008FCD1F /* Assets.xcassets in Resources */ = {isa = PBXBuildFile; fileRef = 02E5026B2A10624A008FCD1F /* Assets.xcassets */; };
		02E5026F2A10624A008FCD1F /* Preview Assets.xcassets in Resources */ = {isa = PBXBuildFile; fileRef = 02E5026E2A10624A008FCD1F /* Preview Assets.xcassets */; };
		02E502922A107680008FCD1F /* NewUserView.swift in Sources */ = {isa = PBXBuildFile; fileRef = 02E502912A107680008FCD1F /* NewUserView.swift */; };
		02E502942A1078E5008FCD1F /* SettingsView.swift in Sources */ = {isa = PBXBuildFile; fileRef = 02E502932A1078E5008FCD1F /* SettingsView.swift */; };
/* End PBXBuildFile section */

/* Begin PBXContainerItemProxy section */
		0299C1312A1A7F8C00CA2AB6 /* PBXContainerItemProxy */ = {
			isa = PBXContainerItemProxy;
			containerPortal = 02E5025C2A10624A008FCD1F /* Project object */;
			proxyType = 1;
			remoteGlobalIDString = 029C67CA2A117744004484F4;
			remoteInfo = bellScheduleKit;
		};
/* End PBXContainerItemProxy section */

/* Begin PBXCopyFilesBuildPhase section */
		029C67C92A117744004484F4 /* CopyFiles */ = {
			isa = PBXCopyFilesBuildPhase;
			buildActionMask = 2147483647;
			dstPath = "include/$(PRODUCT_NAME)";
			dstSubfolderSpec = 16;
			files = (
			);
			runOnlyForDeploymentPostprocessing = 0;
		};
/* End PBXCopyFilesBuildPhase section */

/* Begin PBXFileReference section */
		021432B12A202B8600549DF9 /* BSSymbol.swift */ = {isa = PBXFileReference; lastKnownFileType = sourcecode.swift; path = BSSymbol.swift; sourceTree = "<group>"; };
		021432B32A202B9C00549DF9 /* BSSchedule.swift */ = {isa = PBXFileReference; lastKnownFileType = sourcecode.swift; path = BSSchedule.swift; sourceTree = "<group>"; };
		021432B52A202BBE00549DF9 /* BSCalendar.swift */ = {isa = PBXFileReference; lastKnownFileType = sourcecode.swift; path = BSCalendar.swift; sourceTree = "<group>"; };
		021432B72A202BDE00549DF9 /* BSPersistence.swift */ = {isa = PBXFileReference; lastKnownFileType = sourcecode.swift; path = BSPersistence.swift; sourceTree = "<group>"; };
		021432B92A21921100549DF9 /* BSCompatibility.swift */ = {isa = PBXFileReference; lastKnownFileType = sourcecode.swift; path = BSCompatibility.swift; sourceTree = "<group>"; };
		021432BB2A21924100549DF9 /* BSNetwork.swift */ = {isa = PBXFileReference; lastKnownFileType = sourcecode.swift; path = BSNetwork.swift; sourceTree = "<group>"; };
		021432BD2A21944800549DF9 /* GoogleService-Info.plist */ = {isa = PBXFileReference; fileEncoding = 4; lastKnownFileType = text.plist.xml; path = "GoogleService-Info.plist"; sourceTree = "<group>"; };
		0299C12E2A1A7F2E00CA2AB6 /* bellSchedule.entitlements */ = {isa = PBXFileReference; lastKnownFileType = text.plist.entitlements; path = bellSchedule.entitlements; sourceTree = "<group>"; };
		029C67C12A116975004484F4 /* TodayScheduleView.swift */ = {isa = PBXFileReference; lastKnownFileType = sourcecode.swift; path = TodayScheduleView.swift; sourceTree = "<group>"; };
		029C67C32A116AB4004484F4 /* AllScheduleView.swift */ = {isa = PBXFileReference; lastKnownFileType = sourcecode.swift; path = AllScheduleView.swift; sourceTree = "<group>"; };
		029C67C52A11764A004484F4 /* AccessoriesView.swift */ = {isa = PBXFileReference; lastKnownFileType = sourcecode.swift; path = AccessoriesView.swift; sourceTree = "<group>"; };
		029C67CB2A117744004484F4 /* libbellScheduleKit.a */ = {isa = PBXFileReference; explicitFileType = archive.ar; includeInIndex = 0; path = libbellScheduleKit.a; sourceTree = BUILT_PRODUCTS_DIR; };
		029C67D22A117760004484F4 /* BSKit.swift */ = {isa = PBXFileReference; lastKnownFileType = sourcecode.swift; path = BSKit.swift; sourceTree = "<group>"; };
		02E502642A10624A008FCD1F /* bellSchedule.app */ = {isa = PBXFileReference; explicitFileType = wrapper.application; includeInIndex = 0; path = bellSchedule.app; sourceTree = BUILT_PRODUCTS_DIR; };
		02E502672A10624A008FCD1F /* BellScheduleApp.swift */ = {isa = PBXFileReference; lastKnownFileType = sourcecode.swift; path = BellScheduleApp.swift; sourceTree = "<group>"; };
		02E502692A10624A008FCD1F /* HomeScreenView.swift */ = {isa = PBXFileReference; lastKnownFileType = sourcecode.swift; path = HomeScreenView.swift; sourceTree = "<group>"; };
		02E5026B2A10624A008FCD1F /* Assets.xcassets */ = {isa = PBXFileReference; lastKnownFileType = folder.assetcatalog; path = Assets.xcassets; sourceTree = "<group>"; };
		02E5026E2A10624A008FCD1F /* Preview Assets.xcassets */ = {isa = PBXFileReference; lastKnownFileType = folder.assetcatalog; path = "Preview Assets.xcassets"; sourceTree = "<group>"; };
		02E502912A107680008FCD1F /* NewUserView.swift */ = {isa = PBXFileReference; lastKnownFileType = sourcecode.swift; path = NewUserView.swift; sourceTree = "<group>"; };
		02E502932A1078E5008FCD1F /* SettingsView.swift */ = {isa = PBXFileReference; lastKnownFileType = sourcecode.swift; path = SettingsView.swift; sourceTree = "<group>"; };
/* End PBXFileReference section */

/* Begin PBXFrameworksBuildPhase section */
		029C67C82A117744004484F4 /* Frameworks */ = {
			isa = PBXFrameworksBuildPhase;
			buildActionMask = 2147483647;
			files = (
			);
			runOnlyForDeploymentPostprocessing = 0;
		};
		02E502612A10624A008FCD1F /* Frameworks */ = {
			isa = PBXFrameworksBuildPhase;
			buildActionMask = 2147483647;
			files = (
				021432C42A21962F00549DF9 /* FirebaseDatabaseSwift in Frameworks */,
				0299C1302A1A7F8C00CA2AB6 /* libbellScheduleKit.a in Frameworks */,
				021432C22A21962F00549DF9 /* FirebaseAnalyticsWithoutAdIdSupport in Frameworks */,
			);
			runOnlyForDeploymentPostprocessing = 0;
		};
/* End PBXFrameworksBuildPhase section */

/* Begin PBXGroup section */
		0299C12F2A1A7F8C00CA2AB6 /* Frameworks */ = {
			isa = PBXGroup;
			children = (
			);
			name = Frameworks;
			sourceTree = "<group>";
		};
		029C67CC2A117744004484F4 /* bellScheduleKit */ = {
			isa = PBXGroup;
			children = (
				029C67D22A117760004484F4 /* BSKit.swift */,
				021432BB2A21924100549DF9 /* BSNetwork.swift */,
				021432B92A21921100549DF9 /* BSCompatibility.swift */,
				021432B52A202BBE00549DF9 /* BSCalendar.swift */,
				021432B12A202B8600549DF9 /* BSSymbol.swift */,
				021432B32A202B9C00549DF9 /* BSSchedule.swift */,
			);
			path = bellScheduleKit;
			sourceTree = "<group>";
		};
		02E5025B2A10624A008FCD1F = {
			isa = PBXGroup;
			children = (
				021432B72A202BDE00549DF9 /* BSPersistence.swift */,
				029C67C52A11764A004484F4 /* AccessoriesView.swift */,
				02E502662A10624A008FCD1F /* bellSchedule */,
				029C67CC2A117744004484F4 /* bellScheduleKit */,
				02E502652A10624A008FCD1F /* Products */,
				0299C12F2A1A7F8C00CA2AB6 /* Frameworks */,
			);
			sourceTree = "<group>";
		};
		02E502652A10624A008FCD1F /* Products */ = {
			isa = PBXGroup;
			children = (
				02E502642A10624A008FCD1F /* bellSchedule.app */,
				029C67CB2A117744004484F4 /* libbellScheduleKit.a */,
			);
			name = Products;
			sourceTree = "<group>";
		};
		02E502662A10624A008FCD1F /* bellSchedule */ = {
			isa = PBXGroup;
			children = (
				021432BD2A21944800549DF9 /* GoogleService-Info.plist */,
				0299C12E2A1A7F2E00CA2AB6 /* bellSchedule.entitlements */,
				029C67C12A116975004484F4 /* TodayScheduleView.swift */,
				029C67C32A116AB4004484F4 /* AllScheduleView.swift */,
				02E502932A1078E5008FCD1F /* SettingsView.swift */,
				02E502912A107680008FCD1F /* NewUserView.swift */,
				02E502672A10624A008FCD1F /* BellScheduleApp.swift */,
				02E502692A10624A008FCD1F /* HomeScreenView.swift */,
				02E5026B2A10624A008FCD1F /* Assets.xcassets */,
				02E5026D2A10624A008FCD1F /* Preview Content */,
			);
			path = bellSchedule;
			sourceTree = "<group>";
		};
		02E5026D2A10624A008FCD1F /* Preview Content */ = {
			isa = PBXGroup;
			children = (
				02E5026E2A10624A008FCD1F /* Preview Assets.xcassets */,
			);
			path = "Preview Content";
			sourceTree = "<group>";
		};
/* End PBXGroup section */

/* Begin PBXNativeTarget section */
		029C67CA2A117744004484F4 /* bellScheduleKit */ = {
			isa = PBXNativeTarget;
			buildConfigurationList = 029C67CF2A117744004484F4 /* Build configuration list for PBXNativeTarget "bellScheduleKit" */;
			buildPhases = (
				029C67C72A117744004484F4 /* Sources */,
				029C67C82A117744004484F4 /* Frameworks */,
				029C67C92A117744004484F4 /* CopyFiles */,
			);
			buildRules = (
			);
			dependencies = (
			);
			name = bellScheduleKit;
			productName = bellScheduleKit;
			productReference = 029C67CB2A117744004484F4 /* libbellScheduleKit.a */;
			productType = "com.apple.product-type.library.static";
		};
		02E502632A10624A008FCD1F /* bellSchedule */ = {
			isa = PBXNativeTarget;
			buildConfigurationList = 02E502882A10624A008FCD1F /* Build configuration list for PBXNativeTarget "bellSchedule" */;
			buildPhases = (
				02E502602A10624A008FCD1F /* Sources */,
				02E502612A10624A008FCD1F /* Frameworks */,
				02E502622A10624A008FCD1F /* Resources */,
			);
			buildRules = (
			);
			dependencies = (
				0299C1322A1A7F8C00CA2AB6 /* PBXTargetDependency */,
			);
			name = bellSchedule;
			packageProductDependencies = (
				021432C12A21962F00549DF9 /* FirebaseAnalyticsWithoutAdIdSupport */,
				021432C32A21962F00549DF9 /* FirebaseDatabaseSwift */,
			);
			productName = bellSchedule;
			productReference = 02E502642A10624A008FCD1F /* bellSchedule.app */;
			productType = "com.apple.product-type.application";
		};
/* End PBXNativeTarget section */

/* Begin PBXProject section */
		02E5025C2A10624A008FCD1F /* Project object */ = {
			isa = PBXProject;
			attributes = {
				BuildIndependentTargetsInParallel = 1;
				LastSwiftUpdateCheck = 1430;
				LastUpgradeCheck = 1430;
				TargetAttributes = {
					029C67CA2A117744004484F4 = {
						CreatedOnToolsVersion = 14.3;
						LastSwiftMigration = 1430;
					};
					02E502632A10624A008FCD1F = {
						CreatedOnToolsVersion = 14.3;
					};
				};
			};
			buildConfigurationList = 02E5025F2A10624A008FCD1F /* Build configuration list for PBXProject "bellSchedule" */;
			compatibilityVersion = "Xcode 14.0";
			developmentRegion = en;
			hasScannedForEncodings = 0;
			knownRegions = (
				en,
				Base,
			);
			mainGroup = 02E5025B2A10624A008FCD1F;
			packageReferences = (
				021432C02A21962F00549DF9 /* XCRemoteSwiftPackageReference "firebase-ios-sdk" */,
			);
			productRefGroup = 02E502652A10624A008FCD1F /* Products */;
			projectDirPath = "";
			projectRoot = "";
			targets = (
				02E502632A10624A008FCD1F /* bellSchedule */,
				029C67CA2A117744004484F4 /* bellScheduleKit */,
			);
		};
/* End PBXProject section */

/* Begin PBXResourcesBuildPhase section */
		02E502622A10624A008FCD1F /* Resources */ = {
			isa = PBXResourcesBuildPhase;
			buildActionMask = 2147483647;
			files = (
				02E5026F2A10624A008FCD1F /* Preview Assets.xcassets in Resources */,
				02E5026C2A10624A008FCD1F /* Assets.xcassets in Resources */,
				021432BE2A21944800549DF9 /* GoogleService-Info.plist in Resources */,
			);
			runOnlyForDeploymentPostprocessing = 0;
		};
/* End PBXResourcesBuildPhase section */

/* Begin PBXSourcesBuildPhase section */
		029C67C72A117744004484F4 /* Sources */ = {
			isa = PBXSourcesBuildPhase;
			buildActionMask = 2147483647;
			files = (
				021432B22A202B8600549DF9 /* BSSymbol.swift in Sources */,
				029C67D32A117760004484F4 /* BSKit.swift in Sources */,
				021432B62A202BBE00549DF9 /* BSCalendar.swift in Sources */,
				021432B82A202BDE00549DF9 /* BSPersistence.swift in Sources */,
				021432B42A202B9C00549DF9 /* BSSchedule.swift in Sources */,
				021432BC2A21924100549DF9 /* BSNetwork.swift in Sources */,
				021432BA2A21921100549DF9 /* BSCompatibility.swift in Sources */,
			);
			runOnlyForDeploymentPostprocessing = 0;
		};
		02E502602A10624A008FCD1F /* Sources */ = {
			isa = PBXSourcesBuildPhase;
			buildActionMask = 2147483647;
			files = (
				029C67C22A116975004484F4 /* TodayScheduleView.swift in Sources */,
				029C67C62A11764A004484F4 /* AccessoriesView.swift in Sources */,
				029C67C42A116AB4004484F4 /* AllScheduleView.swift in Sources */,
				02E5026A2A10624A008FCD1F /* HomeScreenView.swift in Sources */,
				02E502942A1078E5008FCD1F /* SettingsView.swift in Sources */,
				02E502922A107680008FCD1F /* NewUserView.swift in Sources */,
				02E502682A10624A008FCD1F /* BellScheduleApp.swift in Sources */,
			);
			runOnlyForDeploymentPostprocessing = 0;
		};
/* End PBXSourcesBuildPhase section */

/* Begin PBXTargetDependency section */
		0299C1322A1A7F8C00CA2AB6 /* PBXTargetDependency */ = {
			isa = PBXTargetDependency;
			target = 029C67CA2A117744004484F4 /* bellScheduleKit */;
			targetProxy = 0299C1312A1A7F8C00CA2AB6 /* PBXContainerItemProxy */;
		};
/* End PBXTargetDependency section */

/* Begin XCBuildConfiguration section */
		029C67D02A117744004484F4 /* Debug */ = {
			isa = XCBuildConfiguration;
			buildSettings = {
				CLANG_ENABLE_MODULES = YES;
				CODE_SIGN_STYLE = Automatic;
				OTHER_LDFLAGS = "-ObjC";
				PRODUCT_NAME = "$(TARGET_NAME)";
				SKIP_INSTALL = YES;
				SWIFT_OPTIMIZATION_LEVEL = "-Onone";
				SWIFT_VERSION = 5.0;
				TARGETED_DEVICE_FAMILY = "1,2";
			};
			name = Debug;
		};
		029C67D12A117744004484F4 /* Release */ = {
			isa = XCBuildConfiguration;
			buildSettings = {
				CLANG_ENABLE_MODULES = YES;
				CODE_SIGN_STYLE = Automatic;
				OTHER_LDFLAGS = "-ObjC";
				PRODUCT_NAME = "$(TARGET_NAME)";
				SKIP_INSTALL = YES;
				SWIFT_VERSION = 5.0;
				TARGETED_DEVICE_FAMILY = "1,2";
			};
			name = Release;
		};
		02E502862A10624A008FCD1F /* Debug */ = {
			isa = XCBuildConfiguration;
			buildSettings = {
				ALWAYS_SEARCH_USER_PATHS = NO;
				CLANG_ANALYZER_NONNULL = YES;
				CLANG_ANALYZER_NUMBER_OBJECT_CONVERSION = YES_AGGRESSIVE;
				CLANG_CXX_LANGUAGE_STANDARD = "gnu++20";
				CLANG_ENABLE_MODULES = YES;
				CLANG_ENABLE_OBJC_ARC = YES;
				CLANG_ENABLE_OBJC_WEAK = YES;
				CLANG_WARN_BLOCK_CAPTURE_AUTORELEASING = YES;
				CLANG_WARN_BOOL_CONVERSION = YES;
				CLANG_WARN_COMMA = YES;
				CLANG_WARN_CONSTANT_CONVERSION = YES;
				CLANG_WARN_DEPRECATED_OBJC_IMPLEMENTATIONS = YES;
				CLANG_WARN_DIRECT_OBJC_ISA_USAGE = YES_ERROR;
				CLANG_WARN_DOCUMENTATION_COMMENTS = YES;
				CLANG_WARN_EMPTY_BODY = YES;
				CLANG_WARN_ENUM_CONVERSION = YES;
				CLANG_WARN_INFINITE_RECURSION = YES;
				CLANG_WARN_INT_CONVERSION = YES;
				CLANG_WARN_NON_LITERAL_NULL_CONVERSION = YES;
				CLANG_WARN_OBJC_IMPLICIT_RETAIN_SELF = YES;
				CLANG_WARN_OBJC_LITERAL_CONVERSION = YES;
				CLANG_WARN_OBJC_ROOT_CLASS = YES_ERROR;
				CLANG_WARN_QUOTED_INCLUDE_IN_FRAMEWORK_HEADER = YES;
				CLANG_WARN_RANGE_LOOP_ANALYSIS = YES;
				CLANG_WARN_STRICT_PROTOTYPES = YES;
				CLANG_WARN_SUSPICIOUS_MOVE = YES;
				CLANG_WARN_UNGUARDED_AVAILABILITY = YES_AGGRESSIVE;
				CLANG_WARN_UNREACHABLE_CODE = YES;
				CLANG_WARN__DUPLICATE_METHOD_MATCH = YES;
				COPY_PHASE_STRIP = NO;
				DEBUG_INFORMATION_FORMAT = dwarf;
				ENABLE_STRICT_OBJC_MSGSEND = YES;
				ENABLE_TESTABILITY = YES;
				GCC_C_LANGUAGE_STANDARD = gnu11;
				GCC_DYNAMIC_NO_PIC = NO;
				GCC_NO_COMMON_BLOCKS = YES;
				GCC_OPTIMIZATION_LEVEL = 0;
				GCC_PREPROCESSOR_DEFINITIONS = (
					"DEBUG=1",
					"$(inherited)",
				);
				GCC_WARN_64_TO_32_BIT_CONVERSION = YES;
				GCC_WARN_ABOUT_RETURN_TYPE = YES_ERROR;
				GCC_WARN_UNDECLARED_SELECTOR = YES;
				GCC_WARN_UNINITIALIZED_AUTOS = YES_AGGRESSIVE;
				GCC_WARN_UNUSED_FUNCTION = YES;
				GCC_WARN_UNUSED_VARIABLE = YES;
				IPHONEOS_DEPLOYMENT_TARGET = 16.4;
				MTL_ENABLE_DEBUG_INFO = INCLUDE_SOURCE;
				MTL_FAST_MATH = YES;
				ONLY_ACTIVE_ARCH = YES;
				SDKROOT = iphoneos;
				SWIFT_ACTIVE_COMPILATION_CONDITIONS = DEBUG;
				SWIFT_OPTIMIZATION_LEVEL = "-Onone";
			};
			name = Debug;
		};
		02E502872A10624A008FCD1F /* Release */ = {
			isa = XCBuildConfiguration;
			buildSettings = {
				ALWAYS_SEARCH_USER_PATHS = NO;
				CLANG_ANALYZER_NONNULL = YES;
				CLANG_ANALYZER_NUMBER_OBJECT_CONVERSION = YES_AGGRESSIVE;
				CLANG_CXX_LANGUAGE_STANDARD = "gnu++20";
				CLANG_ENABLE_MODULES = YES;
				CLANG_ENABLE_OBJC_ARC = YES;
				CLANG_ENABLE_OBJC_WEAK = YES;
				CLANG_WARN_BLOCK_CAPTURE_AUTORELEASING = YES;
				CLANG_WARN_BOOL_CONVERSION = YES;
				CLANG_WARN_COMMA = YES;
				CLANG_WARN_CONSTANT_CONVERSION = YES;
				CLANG_WARN_DEPRECATED_OBJC_IMPLEMENTATIONS = YES;
				CLANG_WARN_DIRECT_OBJC_ISA_USAGE = YES_ERROR;
				CLANG_WARN_DOCUMENTATION_COMMENTS = YES;
				CLANG_WARN_EMPTY_BODY = YES;
				CLANG_WARN_ENUM_CONVERSION = YES;
				CLANG_WARN_INFINITE_RECURSION = YES;
				CLANG_WARN_INT_CONVERSION = YES;
				CLANG_WARN_NON_LITERAL_NULL_CONVERSION = YES;
				CLANG_WARN_OBJC_IMPLICIT_RETAIN_SELF = YES;
				CLANG_WARN_OBJC_LITERAL_CONVERSION = YES;
				CLANG_WARN_OBJC_ROOT_CLASS = YES_ERROR;
				CLANG_WARN_QUOTED_INCLUDE_IN_FRAMEWORK_HEADER = YES;
				CLANG_WARN_RANGE_LOOP_ANALYSIS = YES;
				CLANG_WARN_STRICT_PROTOTYPES = YES;
				CLANG_WARN_SUSPICIOUS_MOVE = YES;
				CLANG_WARN_UNGUARDED_AVAILABILITY = YES_AGGRESSIVE;
				CLANG_WARN_UNREACHABLE_CODE = YES;
				CLANG_WARN__DUPLICATE_METHOD_MATCH = YES;
				COPY_PHASE_STRIP = NO;
				DEBUG_INFORMATION_FORMAT = "dwarf-with-dsym";
				ENABLE_NS_ASSERTIONS = NO;
				ENABLE_STRICT_OBJC_MSGSEND = YES;
				GCC_C_LANGUAGE_STANDARD = gnu11;
				GCC_NO_COMMON_BLOCKS = YES;
				GCC_WARN_64_TO_32_BIT_CONVERSION = YES;
				GCC_WARN_ABOUT_RETURN_TYPE = YES_ERROR;
				GCC_WARN_UNDECLARED_SELECTOR = YES;
				GCC_WARN_UNINITIALIZED_AUTOS = YES_AGGRESSIVE;
				GCC_WARN_UNUSED_FUNCTION = YES;
				GCC_WARN_UNUSED_VARIABLE = YES;
				IPHONEOS_DEPLOYMENT_TARGET = 16.4;
				MTL_ENABLE_DEBUG_INFO = NO;
				MTL_FAST_MATH = YES;
				SDKROOT = iphoneos;
				SWIFT_COMPILATION_MODE = wholemodule;
				SWIFT_OPTIMIZATION_LEVEL = "-O";
				VALIDATE_PRODUCT = YES;
			};
			name = Release;
		};
		02E502892A10624A008FCD1F /* Debug */ = {
			isa = XCBuildConfiguration;
			buildSettings = {
				ASSETCATALOG_COMPILER_APPICON_NAME = AppIcon;
				ASSETCATALOG_COMPILER_GLOBAL_ACCENT_COLOR_NAME = AccentColor;
				CODE_SIGN_ENTITLEMENTS = bellSchedule/bellSchedule.entitlements;
				CODE_SIGN_STYLE = Automatic;
				CURRENT_PROJECT_VERSION = 1;
				DEVELOPMENT_ASSET_PATHS = "\"bellSchedule/Preview Content\"";
				DEVELOPMENT_TEAM = Z44L282QM9;
				ENABLE_PREVIEWS = YES;
				GENERATE_INFOPLIST_FILE = YES;
				INFOPLIST_KEY_UIApplicationSceneManifest_Generation = YES;
				INFOPLIST_KEY_UIApplicationSupportsIndirectInputEvents = YES;
				INFOPLIST_KEY_UILaunchScreen_Generation = YES;
				INFOPLIST_KEY_UISupportedInterfaceOrientations = "UIInterfaceOrientationPortrait UIInterfaceOrientationPortraitUpsideDown";
				INFOPLIST_KEY_UISupportedInterfaceOrientations_iPad = "UIInterfaceOrientationLandscapeLeft UIInterfaceOrientationLandscapeRight UIInterfaceOrientationPortrait UIInterfaceOrientationPortraitUpsideDown";
				LD_RUNPATH_SEARCH_PATHS = (
					"$(inherited)",
					"@executable_path/Frameworks",
				);
				MARKETING_VERSION = 3.0.0;
				PRODUCT_BUNDLE_IDENTIFIER = com.Stassinopoulos.Ari.bellSchedule;
				PRODUCT_NAME = "$(TARGET_NAME)";
				SUPPORTED_PLATFORMS = "iphoneos iphonesimulator";
				SUPPORTS_MACCATALYST = NO;
				SUPPORTS_MAC_DESIGNED_FOR_IPHONE_IPAD = NO;
				SWIFT_EMIT_LOC_STRINGS = YES;
				SWIFT_VERSION = 5.0;
				TARGETED_DEVICE_FAMILY = 1;
			};
			name = Debug;
		};
		02E5028A2A10624A008FCD1F /* Release */ = {
			isa = XCBuildConfiguration;
			buildSettings = {
				ASSETCATALOG_COMPILER_APPICON_NAME = AppIcon;
				ASSETCATALOG_COMPILER_GLOBAL_ACCENT_COLOR_NAME = AccentColor;
				CODE_SIGN_ENTITLEMENTS = bellSchedule/bellSchedule.entitlements;
				CODE_SIGN_STYLE = Automatic;
				CURRENT_PROJECT_VERSION = 1;
				DEVELOPMENT_ASSET_PATHS = "\"bellSchedule/Preview Content\"";
				DEVELOPMENT_TEAM = Z44L282QM9;
				ENABLE_PREVIEWS = YES;
				GENERATE_INFOPLIST_FILE = YES;
				INFOPLIST_KEY_UIApplicationSceneManifest_Generation = YES;
				INFOPLIST_KEY_UIApplicationSupportsIndirectInputEvents = YES;
				INFOPLIST_KEY_UILaunchScreen_Generation = YES;
				INFOPLIST_KEY_UISupportedInterfaceOrientations = "UIInterfaceOrientationPortrait UIInterfaceOrientationPortraitUpsideDown";
				INFOPLIST_KEY_UISupportedInterfaceOrientations_iPad = "UIInterfaceOrientationLandscapeLeft UIInterfaceOrientationLandscapeRight UIInterfaceOrientationPortrait UIInterfaceOrientationPortraitUpsideDown";
				LD_RUNPATH_SEARCH_PATHS = (
					"$(inherited)",
					"@executable_path/Frameworks",
				);
				MARKETING_VERSION = 3.0.0;
				PRODUCT_BUNDLE_IDENTIFIER = com.Stassinopoulos.Ari.bellSchedule;
				PRODUCT_NAME = "$(TARGET_NAME)";
				SUPPORTED_PLATFORMS = "iphoneos iphonesimulator";
				SUPPORTS_MACCATALYST = NO;
				SUPPORTS_MAC_DESIGNED_FOR_IPHONE_IPAD = NO;
				SWIFT_EMIT_LOC_STRINGS = YES;
				SWIFT_VERSION = 5.0;
				TARGETED_DEVICE_FAMILY = 1;
			};
			name = Release;
		};
/* End XCBuildConfiguration section */

/* Begin XCConfigurationList section */
		029C67CF2A117744004484F4 /* Build configuration list for PBXNativeTarget "bellScheduleKit" */ = {
			isa = XCConfigurationList;
			buildConfigurations = (
				029C67D02A117744004484F4 /* Debug */,
				029C67D12A117744004484F4 /* Release */,
			);
			defaultConfigurationIsVisible = 0;
			defaultConfigurationName = Release;
		};
		02E5025F2A10624A008FCD1F /* Build configuration list for PBXProject "bellSchedule" */ = {
			isa = XCConfigurationList;
			buildConfigurations = (
				02E502862A10624A008FCD1F /* Debug */,
				02E502872A10624A008FCD1F /* Release */,
			);
			defaultConfigurationIsVisible = 0;
			defaultConfigurationName = Release;
		};
		02E502882A10624A008FCD1F /* Build configuration list for PBXNativeTarget "bellSchedule" */ = {
			isa = XCConfigurationList;
			buildConfigurations = (
				02E502892A10624A008FCD1F /* Debug */,
				02E5028A2A10624A008FCD1F /* Release */,
			);
			defaultConfigurationIsVisible = 0;
			defaultConfigurationName = Release;
		};
/* End XCConfigurationList section */

/* Begin XCRemoteSwiftPackageReference section */
		021432C02A21962F00549DF9 /* XCRemoteSwiftPackageReference "firebase-ios-sdk" */ = {
			isa = XCRemoteSwiftPackageReference;
			repositoryURL = "https://github.com/firebase/firebase-ios-sdk";
			requirement = {
				kind = upToNextMajorVersion;
				minimumVersion = 10.0.0;
			};
		};
/* End XCRemoteSwiftPackageReference section */

/* Begin XCSwiftPackageProductDependency section */
		021432C12A21962F00549DF9 /* FirebaseAnalyticsWithoutAdIdSupport */ = {
			isa = XCSwiftPackageProductDependency;
			package = 021432C02A21962F00549DF9 /* XCRemoteSwiftPackageReference "firebase-ios-sdk" */;
			productName = FirebaseAnalyticsWithoutAdIdSupport;
		};
		021432C32A21962F00549DF9 /* FirebaseDatabaseSwift */ = {
			isa = XCSwiftPackageProductDependency;
			package = 021432C02A21962F00549DF9 /* XCRemoteSwiftPackageReference "firebase-ios-sdk" */;
			productName = FirebaseDatabaseSwift;
		};
/* End XCSwiftPackageProductDependency section */
	};
	rootObject = 02E5025C2A10624A008FCD1F /* Project object */;
}
